
Microsoft Visual Studio Solution File, Format Version 12.00
# Visual Studio Version 17
VisualStudioVersion = 17.5.33530.505
MinimumVisualStudioVersion = 10.0.40219.1
Project("{9A19103F-16F7-4668-BE54-9A1E7A4F7556}") = "MedApp", "App\MedApp.csproj", "{991677B0-5445-495D-B1B7-7CD5ACBE5208}"
EndProject
Project("{9A19103F-16F7-4668-BE54-9A1E7A4F7556}") = "MedData", "MedData\MedData.csproj", "{413E7FF4-37B6-494D-A611-6154CF02C9CE}"
EndProject
Project("{2150E333-8FDC-42A3-9474-1A3956D46DE8}") = "Solution Items", "Solution Items", "{3F272B1A-AAE9-424F-B5D5-06D90F639F60}"
	ProjectSection(SolutionItems) = preProject
		.editorconfig = .editorconfig
	EndProjectSection
EndProject
Global
	GlobalSection(SolutionConfigurationPlatforms) = preSolution
		Debug|Any CPU = Debug|Any CPU
		Release|Any CPU = Release|Any CPU
	EndGlobalSection
	GlobalSection(ProjectConfigurationPlatforms) = postSolution
		{991677B0-5445-495D-B1B7-7CD5ACBE5208}.Debug|Any CPU.ActiveCfg = Debug|Any CPU
		{991677B0-5445-495D-B1B7-7CD5ACBE5208}.Debug|Any CPU.Build.0 = Debug|Any CPU
		{991677B0-5445-495D-B1B7-7CD5ACBE5208}.Release|Any CPU.ActiveCfg = Release|Any CPU
		{991677B0-5445-495D-B1B7-7CD5ACBE5208}.Release|Any CPU.Build.0 = Release|Any CPU
		{413E7FF4-37B6-494D-A611-6154CF02C9CE}.Debug|Any CPU.ActiveCfg = Debug|Any CPU
		{413E7FF4-37B6-494D-A611-6154CF02C9CE}.Debug|Any CPU.Build.0 = Debug|Any CPU
		{413E7FF4-37B6-494D-A611-6154CF02C9CE}.Release|Any CPU.ActiveCfg = Release|Any CPU
		{413E7FF4-37B6-494D-A611-6154CF02C9CE}.Release|Any CPU.Build.0 = Release|Any CPU
	EndGlobalSection
	GlobalSection(SolutionProperties) = preSolution
		HideSolutionNode = FALSE
	EndGlobalSection
	GlobalSection(ExtensibilityGlobals) = postSolution
		SolutionGuid = {0D48CFF5-3F96-4EEA-8C8D-B1DB6CA48480}
	EndGlobalSection
EndGlobal
